
Microsoft Visual Studio Solution File, Format Version 12.00
# Visual Studio for Mac
Project("{FAE04EC0-301F-11D3-BF4B-00C04F79EFBC}") = "BiddingPluginTest", "Assembly-CSharp.csproj", "{FAD74D8C-4FE7-C938-06BD-6121CFDD74C5}"
EndProject
Project("{FAE04EC0-301F-11D3-BF4B-00C04F79EFBC}") = "BiddingPluginTest", "Assembly-CSharp-Editor-firstpass.csproj", "{DDB4D494-D1D7-84F9-896E-20ED47D440F4}"
EndProject
Global
	GlobalSection(SolutionConfigurationPlatforms) = preSolution
		Debug|Any CPU = Debug|Any CPU
		Release|Any CPU = Release|Any CPU
	EndGlobalSection
	GlobalSection(ProjectConfigurationPlatforms) = postSolution
		{FAD74D8C-4FE7-C938-06BD-6121CFDD74C5}.Debug|Any CPU.ActiveCfg = Debug|Any CPU
		{FAD74D8C-4FE7-C938-06BD-6121CFDD74C5}.Debug|Any CPU.Build.0 = Debug|Any CPU
		{FAD74D8C-4FE7-C938-06BD-6121CFDD74C5}.Release|Any CPU.ActiveCfg = Release|Any CPU
		{FAD74D8C-4FE7-C938-06BD-6121CFDD74C5}.Release|Any CPU.Build.0 = Release|Any CPU
		{DDB4D494-D1D7-84F9-896E-20ED47D440F4}.Debug|Any CPU.ActiveCfg = Debug|Any CPU
		{DDB4D494-D1D7-84F9-896E-20ED47D440F4}.Debug|Any CPU.Build.0 = Debug|Any CPU
		{DDB4D494-D1D7-84F9-896E-20ED47D440F4}.Release|Any CPU.ActiveCfg = Release|Any CPU
		{DDB4D494-D1D7-84F9-896E-20ED47D440F4}.Release|Any CPU.Build.0 = Release|Any CPU
	EndGlobalSection
	GlobalSection(SolutionProperties) = preSolution
		HideSolutionNode = FALSE
	EndGlobalSection
EndGlobal
